// !$*UTF8*$!
{
	archiveVersion = 1;
	classes = {
	};
	objectVersion = 56;
	objects = {

/* Begin PBXBuildFile section */
		F24B50472964725400E7F3E8 /* RMService.swift in Sources */ = {isa = PBXBuildFile; fileRef = F24B50462964725400E7F3E8 /* RMService.swift */; };
		F24B50492964726F00E7F3E8 /* RMRequest.swift in Sources */ = {isa = PBXBuildFile; fileRef = F24B50482964726F00E7F3E8 /* RMRequest.swift */; };
		F24B504B296473A800E7F3E8 /* RMEndpoint.swift in Sources */ = {isa = PBXBuildFile; fileRef = F24B504A296473A800E7F3E8 /* RMEndpoint.swift */; };
		F29F4FF629645DD500C46DD2 /* AppDelegate.swift in Sources */ = {isa = PBXBuildFile; fileRef = F29F4FF529645DD500C46DD2 /* AppDelegate.swift */; };
		F29F4FF829645DD500C46DD2 /* SceneDelegate.swift in Sources */ = {isa = PBXBuildFile; fileRef = F29F4FF729645DD500C46DD2 /* SceneDelegate.swift */; };
		F29F4FFA29645DD500C46DD2 /* RMTabBarController.swift in Sources */ = {isa = PBXBuildFile; fileRef = F29F4FF929645DD500C46DD2 /* RMTabBarController.swift */; };
		F29F4FFF29645DD600C46DD2 /* Assets.xcassets in Resources */ = {isa = PBXBuildFile; fileRef = F29F4FFE29645DD600C46DD2 /* Assets.xcassets */; };
		F29F500229645DD600C46DD2 /* LaunchScreen.storyboard in Resources */ = {isa = PBXBuildFile; fileRef = F29F500029645DD600C46DD2 /* LaunchScreen.storyboard */; };
		F29F50112964617A00C46DD2 /* RMLocation.swift in Sources */ = {isa = PBXBuildFile; fileRef = F29F50102964617A00C46DD2 /* RMLocation.swift */; };
		F29F50132964619300C46DD2 /* RMCharacter.swift in Sources */ = {isa = PBXBuildFile; fileRef = F29F50122964619300C46DD2 /* RMCharacter.swift */; };
		F29F5015296461A200C46DD2 /* RMEpisode.swift in Sources */ = {isa = PBXBuildFile; fileRef = F29F5014296461A200C46DD2 /* RMEpisode.swift */; };
		F29F50182964626B00C46DD2 /* RMCharacterViewController.swift in Sources */ = {isa = PBXBuildFile; fileRef = F29F50172964626B00C46DD2 /* RMCharacterViewController.swift */; };
		F29F501A2964628600C46DD2 /* RMLocationViewController.swift in Sources */ = {isa = PBXBuildFile; fileRef = F29F50192964628600C46DD2 /* RMLocationViewController.swift */; };
		F29F501C2964629E00C46DD2 /* RMEpisodeViewController.swift in Sources */ = {isa = PBXBuildFile; fileRef = F29F501B2964629E00C46DD2 /* RMEpisodeViewController.swift */; };
		F29F501E296462B000C46DD2 /* RMSettingsViewController.swift in Sources */ = {isa = PBXBuildFile; fileRef = F29F501D296462B000C46DD2 /* RMSettingsViewController.swift */; };
/* End PBXBuildFile section */

/* Begin PBXFileReference section */
		F24B50462964725400E7F3E8 /* RMService.swift */ = {isa = PBXFileReference; lastKnownFileType = sourcecode.swift; path = RMService.swift; sourceTree = "<group>"; };
		F24B50482964726F00E7F3E8 /* RMRequest.swift */ = {isa = PBXFileReference; lastKnownFileType = sourcecode.swift; path = RMRequest.swift; sourceTree = "<group>"; };
		F24B504A296473A800E7F3E8 /* RMEndpoint.swift */ = {isa = PBXFileReference; lastKnownFileType = sourcecode.swift; path = RMEndpoint.swift; sourceTree = "<group>"; };
		F29F4FF229645DD500C46DD2 /* RickAndMorty.app */ = {isa = PBXFileReference; explicitFileType = wrapper.application; includeInIndex = 0; path = RickAndMorty.app; sourceTree = BUILT_PRODUCTS_DIR; };
		F29F4FF529645DD500C46DD2 /* AppDelegate.swift */ = {isa = PBXFileReference; lastKnownFileType = sourcecode.swift; path = AppDelegate.swift; sourceTree = "<group>"; };
		F29F4FF729645DD500C46DD2 /* SceneDelegate.swift */ = {isa = PBXFileReference; lastKnownFileType = sourcecode.swift; path = SceneDelegate.swift; sourceTree = "<group>"; };
		F29F4FF929645DD500C46DD2 /* RMTabBarController.swift */ = {isa = PBXFileReference; lastKnownFileType = sourcecode.swift; path = RMTabBarController.swift; sourceTree = "<group>"; };
		F29F4FFE29645DD600C46DD2 /* Assets.xcassets */ = {isa = PBXFileReference; lastKnownFileType = folder.assetcatalog; path = Assets.xcassets; sourceTree = "<group>"; };
		F29F500129645DD600C46DD2 /* Base */ = {isa = PBXFileReference; lastKnownFileType = file.storyboard; name = Base; path = Base.lproj/LaunchScreen.storyboard; sourceTree = "<group>"; };
		F29F500329645DD600C46DD2 /* Info.plist */ = {isa = PBXFileReference; lastKnownFileType = text.plist.xml; path = Info.plist; sourceTree = "<group>"; };
		F29F50102964617A00C46DD2 /* RMLocation.swift */ = {isa = PBXFileReference; lastKnownFileType = sourcecode.swift; path = RMLocation.swift; sourceTree = "<group>"; };
		F29F50122964619300C46DD2 /* RMCharacter.swift */ = {isa = PBXFileReference; lastKnownFileType = sourcecode.swift; path = RMCharacter.swift; sourceTree = "<group>"; };
		F29F5014296461A200C46DD2 /* RMEpisode.swift */ = {isa = PBXFileReference; lastKnownFileType = sourcecode.swift; path = RMEpisode.swift; sourceTree = "<group>"; };
		F29F50172964626B00C46DD2 /* RMCharacterViewController.swift */ = {isa = PBXFileReference; lastKnownFileType = sourcecode.swift; path = RMCharacterViewController.swift; sourceTree = "<group>"; };
		F29F50192964628600C46DD2 /* RMLocationViewController.swift */ = {isa = PBXFileReference; lastKnownFileType = sourcecode.swift; path = RMLocationViewController.swift; sourceTree = "<group>"; };
		F29F501B2964629E00C46DD2 /* RMEpisodeViewController.swift */ = {isa = PBXFileReference; lastKnownFileType = sourcecode.swift; path = RMEpisodeViewController.swift; sourceTree = "<group>"; };
		F29F501D296462B000C46DD2 /* RMSettingsViewController.swift */ = {isa = PBXFileReference; lastKnownFileType = sourcecode.swift; path = RMSettingsViewController.swift; sourceTree = "<group>"; };
/* End PBXFileReference section */

/* Begin PBXFrameworksBuildPhase section */
		F29F4FEF29645DD500C46DD2 /* Frameworks */ = {
			isa = PBXFrameworksBuildPhase;
			buildActionMask = 2147483647;
			files = (
			);
			runOnlyForDeploymentPostprocessing = 0;
		};
/* End PBXFrameworksBuildPhase section */

/* Begin PBXGroup section */
		F29F4FE929645DD500C46DD2 = {
			isa = PBXGroup;
			children = (
				F29F4FF429645DD500C46DD2 /* RickAndMorty */,
				F29F4FF329645DD500C46DD2 /* Products */,
			);
			sourceTree = "<group>";
		};
		F29F4FF329645DD500C46DD2 /* Products */ = {
			isa = PBXGroup;
			children = (
				F29F4FF229645DD500C46DD2 /* RickAndMorty.app */,
			);
			name = Products;
			sourceTree = "<group>";
		};
		F29F4FF429645DD500C46DD2 /* RickAndMorty */ = {
			isa = PBXGroup;
			children = (
				F29F500F2964609500C46DD2 /* Resources */,
				F29F500E2964607700C46DD2 /* Managers */,
				F29F500D2964605600C46DD2 /* APIClient */,
				F29F500C2964604100C46DD2 /* ViewModels */,
				F29F500B2964603100C46DD2 /* Views */,
				F29F500A2964602A00C46DD2 /* Models */,
				F29F50092964600900C46DD2 /* Controllers */,
				F29F500329645DD600C46DD2 /* Info.plist */,
			);
			path = RickAndMorty;
			sourceTree = "<group>";
		};
		F29F50092964600900C46DD2 /* Controllers */ = {
			isa = PBXGroup;
			children = (
				F29F50162964621C00C46DD2 /* Core */,
			);
			path = Controllers;
			sourceTree = "<group>";
		};
		F29F500A2964602A00C46DD2 /* Models */ = {
			isa = PBXGroup;
			children = (
				F29F50102964617A00C46DD2 /* RMLocation.swift */,
				F29F50122964619300C46DD2 /* RMCharacter.swift */,
				F29F5014296461A200C46DD2 /* RMEpisode.swift */,
			);
			path = Models;
			sourceTree = "<group>";
		};
		F29F500B2964603100C46DD2 /* Views */ = {
			isa = PBXGroup;
			children = (
			);
			path = Views;
			sourceTree = "<group>";
		};
		F29F500C2964604100C46DD2 /* ViewModels */ = {
			isa = PBXGroup;
			children = (
			);
			path = ViewModels;
			sourceTree = "<group>";
		};
		F29F500D2964605600C46DD2 /* APIClient */ = {
			isa = PBXGroup;
			children = (
				F24B50462964725400E7F3E8 /* RMService.swift */,
				F24B50482964726F00E7F3E8 /* RMRequest.swift */,
				F24B504A296473A800E7F3E8 /* RMEndpoint.swift */,
			);
			path = APIClient;
			sourceTree = "<group>";
		};
		F29F500E2964607700C46DD2 /* Managers */ = {
			isa = PBXGroup;
			children = (
			);
			path = Managers;
			sourceTree = "<group>";
		};
		F29F500F2964609500C46DD2 /* Resources */ = {
			isa = PBXGroup;
			children = (
				F29F4FFE29645DD600C46DD2 /* Assets.xcassets */,
				F29F500029645DD600C46DD2 /* LaunchScreen.storyboard */,
				F29F4FF529645DD500C46DD2 /* AppDelegate.swift */,
				F29F4FF729645DD500C46DD2 /* SceneDelegate.swift */,
			);
			path = Resources;
			sourceTree = "<group>";
		};
		F29F50162964621C00C46DD2 /* Core */ = {
			isa = PBXGroup;
			children = (
				F29F4FF929645DD500C46DD2 /* RMTabBarController.swift */,
				F29F50172964626B00C46DD2 /* RMCharacterViewController.swift */,
				F29F50192964628600C46DD2 /* RMLocationViewController.swift */,
				F29F501B2964629E00C46DD2 /* RMEpisodeViewController.swift */,
				F29F501D296462B000C46DD2 /* RMSettingsViewController.swift */,
			);
			path = Core;
			sourceTree = "<group>";
		};
/* End PBXGroup section */

/* Begin PBXNativeTarget section */
		F29F4FF129645DD500C46DD2 /* RickAndMorty */ = {
			isa = PBXNativeTarget;
			buildConfigurationList = F29F500629645DD600C46DD2 /* Build configuration list for PBXNativeTarget "RickAndMorty" */;
			buildPhases = (
				F29F4FEE29645DD500C46DD2 /* Sources */,
				F29F4FEF29645DD500C46DD2 /* Frameworks */,
				F29F4FF029645DD500C46DD2 /* Resources */,
			);
			buildRules = (
			);
			dependencies = (
			);
			name = RickAndMorty;
			productName = RickAndMorty;
			productReference = F29F4FF229645DD500C46DD2 /* RickAndMorty.app */;
			productType = "com.apple.product-type.application";
		};
/* End PBXNativeTarget section */

/* Begin PBXProject section */
		F29F4FEA29645DD500C46DD2 /* Project object */ = {
			isa = PBXProject;
			attributes = {
				BuildIndependentTargetsInParallel = 1;
				LastSwiftUpdateCheck = 1420;
				LastUpgradeCheck = 1420;
				TargetAttributes = {
					F29F4FF129645DD500C46DD2 = {
						CreatedOnToolsVersion = 14.2;
					};
				};
			};
			buildConfigurationList = F29F4FED29645DD500C46DD2 /* Build configuration list for PBXProject "RickAndMorty" */;
			compatibilityVersion = "Xcode 14.0";
			developmentRegion = en;
			hasScannedForEncodings = 0;
			knownRegions = (
				en,
				Base,
			);
			mainGroup = F29F4FE929645DD500C46DD2;
			productRefGroup = F29F4FF329645DD500C46DD2 /* Products */;
			projectDirPath = "";
			projectRoot = "";
			targets = (
				F29F4FF129645DD500C46DD2 /* RickAndMorty */,
			);
		};
/* End PBXProject section */

/* Begin PBXResourcesBuildPhase section */
		F29F4FF029645DD500C46DD2 /* Resources */ = {
			isa = PBXResourcesBuildPhase;
			buildActionMask = 2147483647;
			files = (
				F29F500229645DD600C46DD2 /* LaunchScreen.storyboard in Resources */,
				F29F4FFF29645DD600C46DD2 /* Assets.xcassets in Resources */,
			);
			runOnlyForDeploymentPostprocessing = 0;
		};
/* End PBXResourcesBuildPhase section */

/* Begin PBXSourcesBuildPhase section */
		F29F4FEE29645DD500C46DD2 /* Sources */ = {
			isa = PBXSourcesBuildPhase;
			buildActionMask = 2147483647;
			files = (
				F29F501A2964628600C46DD2 /* RMLocationViewController.swift in Sources */,
				F29F5015296461A200C46DD2 /* RMEpisode.swift in Sources */,
				F29F4FFA29645DD500C46DD2 /* RMTabBarController.swift in Sources */,
				F29F501C2964629E00C46DD2 /* RMEpisodeViewController.swift in Sources */,
				F29F4FF629645DD500C46DD2 /* AppDelegate.swift in Sources */,
				F29F4FF829645DD500C46DD2 /* SceneDelegate.swift in Sources */,
				F29F501E296462B000C46DD2 /* RMSettingsViewController.swift in Sources */,
				F24B50472964725400E7F3E8 /* RMService.swift in Sources */,
				F29F50112964617A00C46DD2 /* RMLocation.swift in Sources */,
				F24B504B296473A800E7F3E8 /* RMEndpoint.swift in Sources */,
				F29F50132964619300C46DD2 /* RMCharacter.swift in Sources */,
				F24B50492964726F00E7F3E8 /* RMRequest.swift in Sources */,
				F29F50182964626B00C46DD2 /* RMCharacterViewController.swift in Sources */,
			);
			runOnlyForDeploymentPostprocessing = 0;
		};
/* End PBXSourcesBuildPhase section */

/* Begin PBXVariantGroup section */
		F29F500029645DD600C46DD2 /* LaunchScreen.storyboard */ = {
			isa = PBXVariantGroup;
			children = (
				F29F500129645DD600C46DD2 /* Base */,
			);
			name = LaunchScreen.storyboard;
			sourceTree = "<group>";
		};
/* End PBXVariantGroup section */

/* Begin XCBuildConfiguration section */
		F29F500429645DD600C46DD2 /* Debug */ = {
			isa = XCBuildConfiguration;
			buildSettings = {
				ALWAYS_SEARCH_USER_PATHS = NO;
				CLANG_ANALYZER_NONNULL = YES;
				CLANG_ANALYZER_NUMBER_OBJECT_CONVERSION = YES_AGGRESSIVE;
				CLANG_CXX_LANGUAGE_STANDARD = "gnu++20";
				CLANG_ENABLE_MODULES = YES;
				CLANG_ENABLE_OBJC_ARC = YES;
				CLANG_ENABLE_OBJC_WEAK = YES;
				CLANG_WARN_BLOCK_CAPTURE_AUTORELEASING = YES;
				CLANG_WARN_BOOL_CONVERSION = YES;
				CLANG_WARN_COMMA = YES;
				CLANG_WARN_CONSTANT_CONVERSION = YES;
				CLANG_WARN_DEPRECATED_OBJC_IMPLEMENTATIONS = YES;
				CLANG_WARN_DIRECT_OBJC_ISA_USAGE = YES_ERROR;
				CLANG_WARN_DOCUMENTATION_COMMENTS = YES;
				CLANG_WARN_EMPTY_BODY = YES;
				CLANG_WARN_ENUM_CONVERSION = YES;
				CLANG_WARN_INFINITE_RECURSION = YES;
				CLANG_WARN_INT_CONVERSION = YES;
				CLANG_WARN_NON_LITERAL_NULL_CONVERSION = YES;
				CLANG_WARN_OBJC_IMPLICIT_RETAIN_SELF = YES;
				CLANG_WARN_OBJC_LITERAL_CONVERSION = YES;
				CLANG_WARN_OBJC_ROOT_CLASS = YES_ERROR;
				CLANG_WARN_QUOTED_INCLUDE_IN_FRAMEWORK_HEADER = YES;
				CLANG_WARN_RANGE_LOOP_ANALYSIS = YES;
				CLANG_WARN_STRICT_PROTOTYPES = YES;
				CLANG_WARN_SUSPICIOUS_MOVE = YES;
				CLANG_WARN_UNGUARDED_AVAILABILITY = YES_AGGRESSIVE;
				CLANG_WARN_UNREACHABLE_CODE = YES;
				CLANG_WARN__DUPLICATE_METHOD_MATCH = YES;
				COPY_PHASE_STRIP = NO;
				DEBUG_INFORMATION_FORMAT = dwarf;
				ENABLE_STRICT_OBJC_MSGSEND = YES;
				ENABLE_TESTABILITY = YES;
				GCC_C_LANGUAGE_STANDARD = gnu11;
				GCC_DYNAMIC_NO_PIC = NO;
				GCC_NO_COMMON_BLOCKS = YES;
				GCC_OPTIMIZATION_LEVEL = 0;
				GCC_PREPROCESSOR_DEFINITIONS = (
					"DEBUG=1",
					"$(inherited)",
				);
				GCC_WARN_64_TO_32_BIT_CONVERSION = YES;
				GCC_WARN_ABOUT_RETURN_TYPE = YES_ERROR;
				GCC_WARN_UNDECLARED_SELECTOR = YES;
				GCC_WARN_UNINITIALIZED_AUTOS = YES_AGGRESSIVE;
				GCC_WARN_UNUSED_FUNCTION = YES;
				GCC_WARN_UNUSED_VARIABLE = YES;
				IPHONEOS_DEPLOYMENT_TARGET = 16.2;
				MTL_ENABLE_DEBUG_INFO = INCLUDE_SOURCE;
				MTL_FAST_MATH = YES;
				ONLY_ACTIVE_ARCH = YES;
				SDKROOT = iphoneos;
				SWIFT_ACTIVE_COMPILATION_CONDITIONS = DEBUG;
				SWIFT_OPTIMIZATION_LEVEL = "-Onone";
			};
			name = Debug;
		};
		F29F500529645DD600C46DD2 /* Release */ = {
			isa = XCBuildConfiguration;
			buildSettings = {
				ALWAYS_SEARCH_USER_PATHS = NO;
				CLANG_ANALYZER_NONNULL = YES;
				CLANG_ANALYZER_NUMBER_OBJECT_CONVERSION = YES_AGGRESSIVE;
				CLANG_CXX_LANGUAGE_STANDARD = "gnu++20";
				CLANG_ENABLE_MODULES = YES;
				CLANG_ENABLE_OBJC_ARC = YES;
				CLANG_ENABLE_OBJC_WEAK = YES;
				CLANG_WARN_BLOCK_CAPTURE_AUTORELEASING = YES;
				CLANG_WARN_BOOL_CONVERSION = YES;
				CLANG_WARN_COMMA = YES;
				CLANG_WARN_CONSTANT_CONVERSION = YES;
				CLANG_WARN_DEPRECATED_OBJC_IMPLEMENTATIONS = YES;
				CLANG_WARN_DIRECT_OBJC_ISA_USAGE = YES_ERROR;
				CLANG_WARN_DOCUMENTATION_COMMENTS = YES;
				CLANG_WARN_EMPTY_BODY = YES;
				CLANG_WARN_ENUM_CONVERSION = YES;
				CLANG_WARN_INFINITE_RECURSION = YES;
				CLANG_WARN_INT_CONVERSION = YES;
				CLANG_WARN_NON_LITERAL_NULL_CONVERSION = YES;
				CLANG_WARN_OBJC_IMPLICIT_RETAIN_SELF = YES;
				CLANG_WARN_OBJC_LITERAL_CONVERSION = YES;
				CLANG_WARN_OBJC_ROOT_CLASS = YES_ERROR;
				CLANG_WARN_QUOTED_INCLUDE_IN_FRAMEWORK_HEADER = YES;
				CLANG_WARN_RANGE_LOOP_ANALYSIS = YES;
				CLANG_WARN_STRICT_PROTOTYPES = YES;
				CLANG_WARN_SUSPICIOUS_MOVE = YES;
				CLANG_WARN_UNGUARDED_AVAILABILITY = YES_AGGRESSIVE;
				CLANG_WARN_UNREACHABLE_CODE = YES;
				CLANG_WARN__DUPLICATE_METHOD_MATCH = YES;
				COPY_PHASE_STRIP = NO;
				DEBUG_INFORMATION_FORMAT = "dwarf-with-dsym";
				ENABLE_NS_ASSERTIONS = NO;
				ENABLE_STRICT_OBJC_MSGSEND = YES;
				GCC_C_LANGUAGE_STANDARD = gnu11;
				GCC_NO_COMMON_BLOCKS = YES;
				GCC_WARN_64_TO_32_BIT_CONVERSION = YES;
				GCC_WARN_ABOUT_RETURN_TYPE = YES_ERROR;
				GCC_WARN_UNDECLARED_SELECTOR = YES;
				GCC_WARN_UNINITIALIZED_AUTOS = YES_AGGRESSIVE;
				GCC_WARN_UNUSED_FUNCTION = YES;
				GCC_WARN_UNUSED_VARIABLE = YES;
				IPHONEOS_DEPLOYMENT_TARGET = 16.2;
				MTL_ENABLE_DEBUG_INFO = NO;
				MTL_FAST_MATH = YES;
				SDKROOT = iphoneos;
				SWIFT_COMPILATION_MODE = wholemodule;
				SWIFT_OPTIMIZATION_LEVEL = "-O";
				VALIDATE_PRODUCT = YES;
			};
			name = Release;
		};
		F29F500729645DD600C46DD2 /* Debug */ = {
			isa = XCBuildConfiguration;
			buildSettings = {
				ASSETCATALOG_COMPILER_APPICON_NAME = AppIcon;
				ASSETCATALOG_COMPILER_GLOBAL_ACCENT_COLOR_NAME = AccentColor;
				CODE_SIGN_STYLE = Automatic;
				CURRENT_PROJECT_VERSION = 1;
				DEVELOPMENT_TEAM = A7Y8547SLF;
				GENERATE_INFOPLIST_FILE = YES;
				INFOPLIST_FILE = RickAndMorty/Info.plist;
				INFOPLIST_KEY_UIApplicationSupportsIndirectInputEvents = YES;
				INFOPLIST_KEY_UILaunchStoryboardName = LaunchScreen;
				INFOPLIST_KEY_UISupportedInterfaceOrientations_iPad = "UIInterfaceOrientationPortrait UIInterfaceOrientationPortraitUpsideDown UIInterfaceOrientationLandscapeLeft UIInterfaceOrientationLandscapeRight";
				INFOPLIST_KEY_UISupportedInterfaceOrientations_iPhone = "UIInterfaceOrientationPortrait UIInterfaceOrientationLandscapeLeft UIInterfaceOrientationLandscapeRight";
				LD_RUNPATH_SEARCH_PATHS = (
					"$(inherited)",
					"@executable_path/Frameworks",
				);
				MARKETING_VERSION = 1.0;
				PRODUCT_BUNDLE_IDENTIFIER = com.nianchenhao.RickAndMorty;
				PRODUCT_NAME = "$(TARGET_NAME)";
				SWIFT_EMIT_LOC_STRINGS = YES;
				SWIFT_VERSION = 5.0;
				TARGETED_DEVICE_FAMILY = "1,2";
			};
			name = Debug;
		};
		F29F500829645DD600C46DD2 /* Release */ = {
			isa = XCBuildConfiguration;
			buildSettings = {
				ASSETCATALOG_COMPILER_APPICON_NAME = AppIcon;
				ASSETCATALOG_COMPILER_GLOBAL_ACCENT_COLOR_NAME = AccentColor;
				CODE_SIGN_STYLE = Automatic;
				CURRENT_PROJECT_VERSION = 1;
				DEVELOPMENT_TEAM = A7Y8547SLF;
				GENERATE_INFOPLIST_FILE = YES;
				INFOPLIST_FILE = RickAndMorty/Info.plist;
				INFOPLIST_KEY_UIApplicationSupportsIndirectInputEvents = YES;
				INFOPLIST_KEY_UILaunchStoryboardName = LaunchScreen;
				INFOPLIST_KEY_UISupportedInterfaceOrientations_iPad = "UIInterfaceOrientationPortrait UIInterfaceOrientationPortraitUpsideDown UIInterfaceOrientationLandscapeLeft UIInterfaceOrientationLandscapeRight";
				INFOPLIST_KEY_UISupportedInterfaceOrientations_iPhone = "UIInterfaceOrientationPortrait UIInterfaceOrientationLandscapeLeft UIInterfaceOrientationLandscapeRight";
				LD_RUNPATH_SEARCH_PATHS = (
					"$(inherited)",
					"@executable_path/Frameworks",
				);
				MARKETING_VERSION = 1.0;
				PRODUCT_BUNDLE_IDENTIFIER = com.nianchenhao.RickAndMorty;
				PRODUCT_NAME = "$(TARGET_NAME)";
				SWIFT_EMIT_LOC_STRINGS = YES;
				SWIFT_VERSION = 5.0;
				TARGETED_DEVICE_FAMILY = "1,2";
			};
			name = Release;
		};
/* End XCBuildConfiguration section */

/* Begin XCConfigurationList section */
		F29F4FED29645DD500C46DD2 /* Build configuration list for PBXProject "RickAndMorty" */ = {
			isa = XCConfigurationList;
			buildConfigurations = (
				F29F500429645DD600C46DD2 /* Debug */,
				F29F500529645DD600C46DD2 /* Release */,
			);
			defaultConfigurationIsVisible = 0;
			defaultConfigurationName = Release;
		};
		F29F500629645DD600C46DD2 /* Build configuration list for PBXNativeTarget "RickAndMorty" */ = {
			isa = XCConfigurationList;
			buildConfigurations = (
				F29F500729645DD600C46DD2 /* Debug */,
				F29F500829645DD600C46DD2 /* Release */,
			);
			defaultConfigurationIsVisible = 0;
			defaultConfigurationName = Release;
		};
/* End XCConfigurationList section */
	};
	rootObject = F29F4FEA29645DD500C46DD2 /* Project object */;
}
